
Microsoft Visual Studio Solution File, Format Version 12.00
# Visual Studio Version 16
VisualStudioVersion = 16.0.29230.47
MinimumVisualStudioVersion = 10.0.40219.1
Project("{FAE04EC0-301F-11D3-BF4B-00C04F79EFBC}") = "CoreCrud", "CoreCrud\CoreCrud.csproj", "{0BE3877E-E202-4B69-849E-DE5B9F7C23A7}"
EndProject
Global
	GlobalSection(SolutionConfigurationPlatforms) = preSolution
		Debug|Any CPU = Debug|Any CPU
		Release|Any CPU = Release|Any CPU
	EndGlobalSection
	GlobalSection(ProjectConfigurationPlatforms) = postSolution
		{0BE3877E-E202-4B69-849E-DE5B9F7C23A7}.Debug|Any CPU.ActiveCfg = Debug|Any CPU
		{0BE3877E-E202-4B69-849E-DE5B9F7C23A7}.Debug|Any CPU.Build.0 = Debug|Any CPU
		{0BE3877E-E202-4B69-849E-DE5B9F7C23A7}.Release|Any CPU.ActiveCfg = Release|Any CPU
		{0BE3877E-E202-4B69-849E-DE5B9F7C23A7}.Release|Any CPU.Build.0 = Release|Any CPU
	EndGlobalSection
	GlobalSection(SolutionProperties) = preSolution
		HideSolutionNode = FALSE
	EndGlobalSection
	GlobalSection(ExtensibilityGlobals) = postSolution
		SolutionGuid = {6AAAD3A2-1BA6-4347-A09F-31AEA7D9B16A}
	EndGlobalSection
EndGlobal
